
Microsoft Visual Studio Solution File, Format Version 12.00
# Visual Studio Version 17
VisualStudioVersion = 17.2.32526.322
MinimumVisualStudioVersion = 10.0.40219.1
Project("{888888A0-9F3D-457C-B088-3A5042F75D52}") = "Treasure Island", "Treasure Island.pyproj", "{04E2283F-FFAB-4211-8425-476D753825FC}"
EndProject
Global
	GlobalSection(SolutionConfigurationPlatforms) = preSolution
		Debug|Any CPU = Debug|Any CPU
		Release|Any CPU = Release|Any CPU
	EndGlobalSection
	GlobalSection(ProjectConfigurationPlatforms) = postSolution
		{04E2283F-FFAB-4211-8425-476D753825FC}.Debug|Any CPU.ActiveCfg = Debug|Any CPU
		{04E2283F-FFAB-4211-8425-476D753825FC}.Release|Any CPU.ActiveCfg = Release|Any CPU
	EndGlobalSection
	GlobalSection(SolutionProperties) = preSolution
		HideSolutionNode = FALSE
	EndGlobalSection
	GlobalSection(ExtensibilityGlobals) = postSolution
		SolutionGuid = {326A78FF-1B6F-415B-B513-A7B59B60DEC6}
	EndGlobalSection
EndGlobal
